
Microsoft Visual Studio Solution File, Format Version 12.00
# Visual Studio Version 17
VisualStudioVersion = 17.4.33103.184
MinimumVisualStudioVersion = 10.0.40219.1
Project("{FAE04EC0-301F-11D3-BF4B-00C04F79EFBC}") = "praka5.2", "praka5.2\praka5.2.csproj", "{810176BB-19A7-4929-AF80-748C96DAAA29}"
EndProject
Global
	GlobalSection(SolutionConfigurationPlatforms) = preSolution
		Debug|Any CPU = Debug|Any CPU
		Release|Any CPU = Release|Any CPU
	EndGlobalSection
	GlobalSection(ProjectConfigurationPlatforms) = postSolution
		{810176BB-19A7-4929-AF80-748C96DAAA29}.Debug|Any CPU.ActiveCfg = Debug|Any CPU
		{810176BB-19A7-4929-AF80-748C96DAAA29}.Debug|Any CPU.Build.0 = Debug|Any CPU
		{810176BB-19A7-4929-AF80-748C96DAAA29}.Release|Any CPU.ActiveCfg = Release|Any CPU
		{810176BB-19A7-4929-AF80-748C96DAAA29}.Release|Any CPU.Build.0 = Release|Any CPU
	EndGlobalSection
	GlobalSection(SolutionProperties) = preSolution
		HideSolutionNode = FALSE
	EndGlobalSection
	GlobalSection(ExtensibilityGlobals) = postSolution
		SolutionGuid = {FD2BE958-0356-43F5-A0A2-56985DE2AD2D}
	EndGlobalSection
EndGlobal
